{
  "nodes": {
    "grub2-themes": {
      "inputs": {
        "nixpkgs": "nixpkgs"
      },
      "locked": {
        "lastModified": 1757136219,
        "narHash": "sha256-tKU+vq34KHu/A2wD7WdgP5A4/RCmSD8hB0TyQAUlixA=",
        "owner": "vinceliuice",
        "repo": "grub2-themes",
        "rev": "80dd04ddf3ba7b284a7b1a5df2b1e95ee2aad606",
        "type": "github"
      },
      "original": {
        "owner": "vinceliuice",
        "repo": "grub2-themes",
        "type": "github"
      }
    },
    "home-manager": {
      "inputs": {
        "nixpkgs": [
          "nixpkgs"
        ]
      },
      "locked": {
        "lastModified": 1764998300,
        "narHash": "sha256-fZatn/KLfHLDXnF0wy7JxXqGaZmGDTVufT4o/AOlj44=",
        "owner": "nix-community",
        "repo": "home-manager",
        "rev": "27a6182347ccae90a88231ae0dc5dfa7d15815bb",
        "type": "github"
      },
      "original": {
        "owner": "nix-community",
        "repo": "home-manager",
        "type": "github"
      }
    },
    "nixpkgs": {
      "locked": {
        "lastModified": 1765131281,
        "narHash": "sha256-o6Rqh2aqgn4dGbKENH5xa0uxz141oqu8hi/OqRfBRPc=",
        "owner": "NixOS",
        "repo": "nixpkgs",
        "rev": "324e20a96b2174c24832544f83eec86017e87970",
        "type": "github"
      },
      "original": {
        "owner": "NixOS",
        "ref": "master",
        "repo": "nixpkgs",
        "type": "github"
      }
    },
    "nixpkgs_2": {
      "locked": {
        "lastModified": 1764950072,
        "narHash": "sha256-BmPWzogsG2GsXZtlT+MTcAWeDK5hkbGRZTeZNW42fwA=",
        "owner": "nixos",
        "repo": "nixpkgs",
        "rev": "f61125a668a320878494449750330ca58b78c557",
        "type": "github"
      },
      "original": {
        "owner": "nixos",
        "ref": "nixos-unstable",
        "repo": "nixpkgs",
        "type": "github"
      }
    },
    "root": {
      "inputs": {
        "grub2-themes": "grub2-themes",
        "home-manager": "home-manager",
        "nixpkgs": "nixpkgs_2",
        "zen-browser": "zen-browser"
      }
    },
    "zen-browser": {
      "inputs": {
        "nixpkgs": [
          "nixpkgs"
        ]
      },
      "locked": {
        "lastModified": 1764648680,
        "narHash": "sha256-B/nmawJ75/951Xs9ludSxDVd/txFY+odmcbinySqMQo=",
        "owner": "youwen5",
        "repo": "zen-browser-flake",
        "rev": "897df2f2ad4880563ce801fa29f348a4e98f0a20",
        "type": "github"
      },
      "original": {
        "owner": "youwen5",
        "repo": "zen-browser-flake",
        "type": "github"
      }
    }
  },
  "root": "root",
  "version": 7
}
