{
  "nodes": {
    "grub2-themes": {
      "inputs": {
        "nixpkgs": "nixpkgs"
      },
      "locked": {
        "lastModified": 1757136219,
        "narHash": "sha256-tKU+vq34KHu/A2wD7WdgP5A4/RCmSD8hB0TyQAUlixA=",
        "owner": "vinceliuice",
        "repo": "grub2-themes",
        "rev": "80dd04ddf3ba7b284a7b1a5df2b1e95ee2aad606",
        "type": "github"
      },
      "original": {
        "owner": "vinceliuice",
        "repo": "grub2-themes",
        "type": "github"
      }
    },
    "home-manager": {
      "inputs": {
        "nixpkgs": [
          "nixpkgs"
        ]
      },
      "locked": {
        "lastModified": 1765860045,
        "narHash": "sha256-7Lxp/PfOy4h3QIDtmWG/EgycaswqRSkDX4DGtet14NE=",
        "owner": "nix-community",
        "repo": "home-manager",
        "rev": "09de9577d47d8bffb11c449b6a3d24e32ac16c99",
        "type": "github"
      },
      "original": {
        "owner": "nix-community",
        "repo": "home-manager",
        "type": "github"
      }
    },
    "nixpkgs": {
      "locked": {
        "lastModified": 1765905907,
        "narHash": "sha256-LCEw+uwGuV921SeEyTOu/bFrkwseMpNxkNidHwwU64I=",
        "owner": "NixOS",
        "repo": "nixpkgs",
        "rev": "e9e1e52292ce6fea10a66a3a7a776adccf7aab18",
        "type": "github"
      },
      "original": {
        "owner": "NixOS",
        "ref": "master",
        "repo": "nixpkgs",
        "type": "github"
      }
    },
    "nixpkgs_2": {
      "locked": {
        "lastModified": 1765779637,
        "narHash": "sha256-KJ2wa/BLSrTqDjbfyNx70ov/HdgNBCBBSQP3BIzKnv4=",
        "owner": "nixos",
        "repo": "nixpkgs",
        "rev": "1306659b587dc277866c7b69eb97e5f07864d8c4",
        "type": "github"
      },
      "original": {
        "owner": "nixos",
        "ref": "nixos-unstable",
        "repo": "nixpkgs",
        "type": "github"
      }
    },
    "root": {
      "inputs": {
        "grub2-themes": "grub2-themes",
        "home-manager": "home-manager",
        "nixpkgs": "nixpkgs_2",
        "zen-browser": "zen-browser"
      }
    },
    "zen-browser": {
      "inputs": {
        "nixpkgs": [
          "nixpkgs"
        ]
      },
      "locked": {
        "lastModified": 1765772419,
        "narHash": "sha256-1mQ1K4fqebT54nz13rcRNjd6a+IbNLwLvYyR62EcyE8=",
        "owner": "youwen5",
        "repo": "zen-browser-flake",
        "rev": "227e836e43fe7985b4c4f8b0076446a6d66f3343",
        "type": "github"
      },
      "original": {
        "owner": "youwen5",
        "repo": "zen-browser-flake",
        "type": "github"
      }
    }
  },
  "root": "root",
  "version": 7
}
